// !$*UTF8*$!
{
	archiveVersion = 1;
	classes = {
	};
	objectVersion = 50;
	objects = {

/* Begin PBXBuildFile section */
		96F1DF1F215C6AF200A67650 /* AppDelegate.swift in Sources */ = {isa = PBXBuildFile; fileRef = 96F1DF1E215C6AF200A67650 /* AppDelegate.swift */; };
		96F1DF21215C6AF200A67650 /* ViewController.swift in Sources */ = {isa = PBXBuildFile; fileRef = 96F1DF20215C6AF200A67650 /* ViewController.swift */; };
		96F1DF24215C6AF200A67650 /* Main.storyboard in Resources */ = {isa = PBXBuildFile; fileRef = 96F1DF22215C6AF200A67650 /* Main.storyboard */; };
		96F1DF26215C6AF600A67650 /* Assets.xcassets in Resources */ = {isa = PBXBuildFile; fileRef = 96F1DF25215C6AF600A67650 /* Assets.xcassets */; };
		96F1DF29215C6AF600A67650 /* LaunchScreen.storyboard in Resources */ = {isa = PBXBuildFile; fileRef = 96F1DF27215C6AF600A67650 /* LaunchScreen.storyboard */; };
		96F1DF34215C6AF600A67650 /* ciecaddTests.swift in Sources */ = {isa = PBXBuildFile; fileRef = 96F1DF33215C6AF600A67650 /* ciecaddTests.swift */; };
		96F1DF3F215C6AF600A67650 /* ciecaddUITests.swift in Sources */ = {isa = PBXBuildFile; fileRef = 96F1DF3E215C6AF600A67650 /* ciecaddUITests.swift */; };
/* End PBXBuildFile section */

/* Begin PBXContainerItemProxy section */
		96F1DF30215C6AF600A67650 /* PBXContainerItemProxy */ = {
			isa = PBXContainerItemProxy;
			containerPortal = 96F1DF13215C6AF200A67650 /* Project object */;
			proxyType = 1;
			remoteGlobalIDString = 96F1DF1A215C6AF200A67650;
			remoteInfo = ciecadd;
		};
		96F1DF3B215C6AF600A67650 /* PBXContainerItemProxy */ = {
			isa = PBXContainerItemProxy;
			containerPortal = 96F1DF13215C6AF200A67650 /* Project object */;
			proxyType = 1;
			remoteGlobalIDString = 96F1DF1A215C6AF200A67650;
			remoteInfo = ciecadd;
		};
/* End PBXContainerItemProxy section */

/* Begin PBXFileReference section */
		96F1DF1B215C6AF200A67650 /* ciecadd.app */ = {isa = PBXFileReference; explicitFileType = wrapper.application; includeInIndex = 0; path = ciecadd.app; sourceTree = BUILT_PRODUCTS_DIR; };
		96F1DF1E215C6AF200A67650 /* AppDelegate.swift */ = {isa = PBXFileReference; lastKnownFileType = sourcecode.swift; path = AppDelegate.swift; sourceTree = "<group>"; };
		96F1DF20215C6AF200A67650 /* ViewController.swift */ = {isa = PBXFileReference; lastKnownFileType = sourcecode.swift; path = ViewController.swift; sourceTree = "<group>"; };
		96F1DF23215C6AF200A67650 /* Base */ = {isa = PBXFileReference; lastKnownFileType = file.storyboard; name = Base; path = Base.lproj/Main.storyboard; sourceTree = "<group>"; };
		96F1DF25215C6AF600A67650 /* Assets.xcassets */ = {isa = PBXFileReference; lastKnownFileType = folder.assetcatalog; path = Assets.xcassets; sourceTree = "<group>"; };
		96F1DF28215C6AF600A67650 /* Base */ = {isa = PBXFileReference; lastKnownFileType = file.storyboard; name = Base; path = Base.lproj/LaunchScreen.storyboard; sourceTree = "<group>"; };
		96F1DF2A215C6AF600A67650 /* Info.plist */ = {isa = PBXFileReference; lastKnownFileType = text.plist.xml; path = Info.plist; sourceTree = "<group>"; };
		96F1DF2F215C6AF600A67650 /* ciecaddTests.xctest */ = {isa = PBXFileReference; explicitFileType = wrapper.cfbundle; includeInIndex = 0; path = ciecaddTests.xctest; sourceTree = BUILT_PRODUCTS_DIR; };
		96F1DF33215C6AF600A67650 /* ciecaddTests.swift */ = {isa = PBXFileReference; lastKnownFileType = sourcecode.swift; path = ciecaddTests.swift; sourceTree = "<group>"; };
		96F1DF35215C6AF600A67650 /* Info.plist */ = {isa = PBXFileReference; lastKnownFileType = text.plist.xml; path = Info.plist; sourceTree = "<group>"; };
		96F1DF3A215C6AF600A67650 /* ciecaddUITests.xctest */ = {isa = PBXFileReference; explicitFileType = wrapper.cfbundle; includeInIndex = 0; path = ciecaddUITests.xctest; sourceTree = BUILT_PRODUCTS_DIR; };
		96F1DF3E215C6AF600A67650 /* ciecaddUITests.swift */ = {isa = PBXFileReference; lastKnownFileType = sourcecode.swift; path = ciecaddUITests.swift; sourceTree = "<group>"; };
		96F1DF40215C6AF600A67650 /* Info.plist */ = {isa = PBXFileReference; lastKnownFileType = text.plist.xml; path = Info.plist; sourceTree = "<group>"; };
/* End PBXFileReference section */

/* Begin PBXFrameworksBuildPhase section */
		96F1DF18215C6AF200A67650 /* Frameworks */ = {
			isa = PBXFrameworksBuildPhase;
			buildActionMask = 2147483647;
			files = (
			);
			runOnlyForDeploymentPostprocessing = 0;
		};
		96F1DF2C215C6AF600A67650 /* Frameworks */ = {
			isa = PBXFrameworksBuildPhase;
			buildActionMask = 2147483647;
			files = (
			);
			runOnlyForDeploymentPostprocessing = 0;
		};
		96F1DF37215C6AF600A67650 /* Frameworks */ = {
			isa = PBXFrameworksBuildPhase;
			buildActionMask = 2147483647;
			files = (
			);
			runOnlyForDeploymentPostprocessing = 0;
		};
/* End PBXFrameworksBuildPhase section */

/* Begin PBXGroup section */
		96F1DF12215C6AF200A67650 = {
			isa = PBXGroup;
			children = (
				96F1DF1D215C6AF200A67650 /* ciecadd */,
				96F1DF32215C6AF600A67650 /* ciecaddTests */,
				96F1DF3D215C6AF600A67650 /* ciecaddUITests */,
				96F1DF1C215C6AF200A67650 /* Products */,
			);
			sourceTree = "<group>";
		};
		96F1DF1C215C6AF200A67650 /* Products */ = {
			isa = PBXGroup;
			children = (
				96F1DF1B215C6AF200A67650 /* ciecadd.app */,
				96F1DF2F215C6AF600A67650 /* ciecaddTests.xctest */,
				96F1DF3A215C6AF600A67650 /* ciecaddUITests.xctest */,
			);
			name = Products;
			sourceTree = "<group>";
		};
		96F1DF1D215C6AF200A67650 /* ciecadd */ = {
			isa = PBXGroup;
			children = (
				96F1DF1E215C6AF200A67650 /* AppDelegate.swift */,
				96F1DF20215C6AF200A67650 /* ViewController.swift */,
				96F1DF22215C6AF200A67650 /* Main.storyboard */,
				96F1DF25215C6AF600A67650 /* Assets.xcassets */,
				96F1DF27215C6AF600A67650 /* LaunchScreen.storyboard */,
				96F1DF2A215C6AF600A67650 /* Info.plist */,
			);
			path = ciecadd;
			sourceTree = "<group>";
		};
		96F1DF32215C6AF600A67650 /* ciecaddTests */ = {
			isa = PBXGroup;
			children = (
				96F1DF33215C6AF600A67650 /* ciecaddTests.swift */,
				96F1DF35215C6AF600A67650 /* Info.plist */,
			);
			path = ciecaddTests;
			sourceTree = "<group>";
		};
		96F1DF3D215C6AF600A67650 /* ciecaddUITests */ = {
			isa = PBXGroup;
			children = (
				96F1DF3E215C6AF600A67650 /* ciecaddUITests.swift */,
				96F1DF40215C6AF600A67650 /* Info.plist */,
			);
			path = ciecaddUITests;
			sourceTree = "<group>";
		};
/* End PBXGroup section */

/* Begin PBXNativeTarget section */
		96F1DF1A215C6AF200A67650 /* ciecadd */ = {
			isa = PBXNativeTarget;
			buildConfigurationList = 96F1DF43215C6AF600A67650 /* Build configuration list for PBXNativeTarget "ciecadd" */;
			buildPhases = (
				96F1DF17215C6AF200A67650 /* Sources */,
				96F1DF18215C6AF200A67650 /* Frameworks */,
				96F1DF19215C6AF200A67650 /* Resources */,
			);
			buildRules = (
			);
			dependencies = (
			);
			name = ciecadd;
			productName = ciecadd;
			productReference = 96F1DF1B215C6AF200A67650 /* ciecadd.app */;
			productType = "com.apple.product-type.application";
		};
		96F1DF2E215C6AF600A67650 /* ciecaddTests */ = {
			isa = PBXNativeTarget;
			buildConfigurationList = 96F1DF46215C6AF600A67650 /* Build configuration list for PBXNativeTarget "ciecaddTests" */;
			buildPhases = (
				96F1DF2B215C6AF600A67650 /* Sources */,
				96F1DF2C215C6AF600A67650 /* Frameworks */,
				96F1DF2D215C6AF600A67650 /* Resources */,
			);
			buildRules = (
			);
			dependencies = (
				96F1DF31215C6AF600A67650 /* PBXTargetDependency */,
			);
			name = ciecaddTests;
			productName = ciecaddTests;
			productReference = 96F1DF2F215C6AF600A67650 /* ciecaddTests.xctest */;
			productType = "com.apple.product-type.bundle.unit-test";
		};
		96F1DF39215C6AF600A67650 /* ciecaddUITests */ = {
			isa = PBXNativeTarget;
			buildConfigurationList = 96F1DF49215C6AF600A67650 /* Build configuration list for PBXNativeTarget "ciecaddUITests" */;
			buildPhases = (
				96F1DF36215C6AF600A67650 /* Sources */,
				96F1DF37215C6AF600A67650 /* Frameworks */,
				96F1DF38215C6AF600A67650 /* Resources */,
			);
			buildRules = (
			);
			dependencies = (
				96F1DF3C215C6AF600A67650 /* PBXTargetDependency */,
			);
			name = ciecaddUITests;
			productName = ciecaddUITests;
			productReference = 96F1DF3A215C6AF600A67650 /* ciecaddUITests.xctest */;
			productType = "com.apple.product-type.bundle.ui-testing";
		};
/* End PBXNativeTarget section */

/* Begin PBXProject section */
		96F1DF13215C6AF200A67650 /* Project object */ = {
			isa = PBXProject;
			attributes = {
				LastSwiftUpdateCheck = 1000;
				LastUpgradeCheck = 1000;
				ORGANIZATIONNAME = s20171105137;
				TargetAttributes = {
					96F1DF1A215C6AF200A67650 = {
						CreatedOnToolsVersion = 10.0;
					};
					96F1DF2E215C6AF600A67650 = {
						CreatedOnToolsVersion = 10.0;
						TestTargetID = 96F1DF1A215C6AF200A67650;
					};
					96F1DF39215C6AF600A67650 = {
						CreatedOnToolsVersion = 10.0;
						TestTargetID = 96F1DF1A215C6AF200A67650;
					};
				};
			};
			buildConfigurationList = 96F1DF16215C6AF200A67650 /* Build configuration list for PBXProject "ciecadd" */;
			compatibilityVersion = "Xcode 9.3";
			developmentRegion = en;
			hasScannedForEncodings = 0;
			knownRegions = (
				en,
				Base,
			);
			mainGroup = 96F1DF12215C6AF200A67650;
			productRefGroup = 96F1DF1C215C6AF200A67650 /* Products */;
			projectDirPath = "";
			projectRoot = "";
			targets = (
				96F1DF1A215C6AF200A67650 /* ciecadd */,
				96F1DF2E215C6AF600A67650 /* ciecaddTests */,
				96F1DF39215C6AF600A67650 /* ciecaddUITests */,
			);
		};
/* End PBXProject section */

/* Begin PBXResourcesBuildPhase section */
		96F1DF19215C6AF200A67650 /* Resources */ = {
			isa = PBXResourcesBuildPhase;
			buildActionMask = 2147483647;
			files = (
				96F1DF29215C6AF600A67650 /* LaunchScreen.storyboard in Resources */,
				96F1DF26215C6AF600A67650 /* Assets.xcassets in Resources */,
				96F1DF24215C6AF200A67650 /* Main.storyboard in Resources */,
			);
			runOnlyForDeploymentPostprocessing = 0;
		};
		96F1DF2D215C6AF600A67650 /* Resources */ = {
			isa = PBXResourcesBuildPhase;
			buildActionMask = 2147483647;
			files = (
			);
			runOnlyForDeploymentPostprocessing = 0;
		};
		96F1DF38215C6AF600A67650 /* Resources */ = {
			isa = PBXResourcesBuildPhase;
			buildActionMask = 2147483647;
			files = (
			);
			runOnlyForDeploymentPostprocessing = 0;
		};
/* End PBXResourcesBuildPhase section */

/* Begin PBXSourcesBuildPhase section */
		96F1DF17215C6AF200A67650 /* Sources */ = {
			isa = PBXSourcesBuildPhase;
			buildActionMask = 2147483647;
			files = (
				96F1DF21215C6AF200A67650 /* ViewController.swift in Sources */,
				96F1DF1F215C6AF200A67650 /* AppDelegate.swift in Sources */,
			);
			runOnlyForDeploymentPostprocessing = 0;
		};
		96F1DF2B215C6AF600A67650 /* Sources */ = {
			isa = PBXSourcesBuildPhase;
			buildActionMask = 2147483647;
			files = (
				96F1DF34215C6AF600A67650 /* ciecaddTests.swift in Sources */,
			);
			runOnlyForDeploymentPostprocessing = 0;
		};
		96F1DF36215C6AF600A67650 /* Sources */ = {
			isa = PBXSourcesBuildPhase;
			buildActionMask = 2147483647;
			files = (
				96F1DF3F215C6AF600A67650 /* ciecaddUITests.swift in Sources */,
			);
			runOnlyForDeploymentPostprocessing = 0;
		};
/* End PBXSourcesBuildPhase section */

/* Begin PBXTargetDependency section */
		96F1DF31215C6AF600A67650 /* PBXTargetDependency */ = {
			isa = PBXTargetDependency;
			target = 96F1DF1A215C6AF200A67650 /* ciecadd */;
			targetProxy = 96F1DF30215C6AF600A67650 /* PBXContainerItemProxy */;
		};
		96F1DF3C215C6AF600A67650 /* PBXTargetDependency */ = {
			isa = PBXTargetDependency;
			target = 96F1DF1A215C6AF200A67650 /* ciecadd */;
			targetProxy = 96F1DF3B215C6AF600A67650 /* PBXContainerItemProxy */;
		};
/* End PBXTargetDependency section */

/* Begin PBXVariantGroup section */
		96F1DF22215C6AF200A67650 /* Main.storyboard */ = {
			isa = PBXVariantGroup;
			children = (
				96F1DF23215C6AF200A67650 /* Base */,
			);
			name = Main.storyboard;
			sourceTree = "<group>";
		};
		96F1DF27215C6AF600A67650 /* LaunchScreen.storyboard */ = {
			isa = PBXVariantGroup;
			children = (
				96F1DF28215C6AF600A67650 /* Base */,
			);
			name = LaunchScreen.storyboard;
			sourceTree = "<group>";
		};
/* End PBXVariantGroup section */

/* Begin XCBuildConfiguration section */
		96F1DF41215C6AF600A67650 /* Debug */ = {
			isa = XCBuildConfiguration;
			buildSettings = {
				ALWAYS_SEARCH_USER_PATHS = NO;
				CLANG_ANALYZER_NONNULL = YES;
				CLANG_ANALYZER_NUMBER_OBJECT_CONVERSION = YES_AGGRESSIVE;
				CLANG_CXX_LANGUAGE_STANDARD = "gnu++14";
				CLANG_CXX_LIBRARY = "libc++";
				CLANG_ENABLE_MODULES = YES;
				CLANG_ENABLE_OBJC_ARC = YES;
				CLANG_ENABLE_OBJC_WEAK = YES;
				CLANG_WARN_BLOCK_CAPTURE_AUTORELEASING = YES;
				CLANG_WARN_BOOL_CONVERSION = YES;
				CLANG_WARN_COMMA = YES;
				CLANG_WARN_CONSTANT_CONVERSION = YES;
				CLANG_WARN_DEPRECATED_OBJC_IMPLEMENTATIONS = YES;
				CLANG_WARN_DIRECT_OBJC_ISA_USAGE = YES_ERROR;
				CLANG_WARN_DOCUMENTATION_COMMENTS = YES;
				CLANG_WARN_EMPTY_BODY = YES;
				CLANG_WARN_ENUM_CONVERSION = YES;
				CLANG_WARN_INFINITE_RECURSION = YES;
				CLANG_WARN_INT_CONVERSION = YES;
				CLANG_WARN_NON_LITERAL_NULL_CONVERSION = YES;
				CLANG_WARN_OBJC_IMPLICIT_RETAIN_SELF = YES;
				CLANG_WARN_OBJC_LITERAL_CONVERSION = YES;
				CLANG_WARN_OBJC_ROOT_CLASS = YES_ERROR;
				CLANG_WARN_RANGE_LOOP_ANALYSIS = YES;
				CLANG_WARN_STRICT_PROTOTYPES = YES;
				CLANG_WARN_SUSPICIOUS_MOVE = YES;
				CLANG_WARN_UNGUARDED_AVAILABILITY = YES_AGGRESSIVE;
				CLANG_WARN_UNREACHABLE_CODE = YES;
				CLANG_WARN__DUPLICATE_METHOD_MATCH = YES;
				CODE_SIGN_IDENTITY = "iPhone Developer";
				COPY_PHASE_STRIP = NO;
				DEBUG_INFORMATION_FORMAT = dwarf;
				ENABLE_STRICT_OBJC_MSGSEND = YES;
				ENABLE_TESTABILITY = YES;
				GCC_C_LANGUAGE_STANDARD = gnu11;
				GCC_DYNAMIC_NO_PIC = NO;
				GCC_NO_COMMON_BLOCKS = YES;
				GCC_OPTIMIZATION_LEVEL = 0;
				GCC_PREPROCESSOR_DEFINITIONS = (
					"DEBUG=1",
					"$(inherited)",
				);
				GCC_WARN_64_TO_32_BIT_CONVERSION = YES;
				GCC_WARN_ABOUT_RETURN_TYPE = YES_ERROR;
				GCC_WARN_UNDECLARED_SELECTOR = YES;
				GCC_WARN_UNINITIALIZED_AUTOS = YES_AGGRESSIVE;
				GCC_WARN_UNUSED_FUNCTION = YES;
				GCC_WARN_UNUSED_VARIABLE = YES;
				IPHONEOS_DEPLOYMENT_TARGET = 12.0;
				MTL_ENABLE_DEBUG_INFO = INCLUDE_SOURCE;
				MTL_FAST_MATH = YES;
				ONLY_ACTIVE_ARCH = YES;
				SDKROOT = iphoneos;
				SWIFT_ACTIVE_COMPILATION_CONDITIONS = DEBUG;
				SWIFT_OPTIMIZATION_LEVEL = "-Onone";
			};
			name = Debug;
		};
		96F1DF42215C6AF600A67650 /* Release */ = {
			isa = XCBuildConfiguration;
			buildSettings = {
				ALWAYS_SEARCH_USER_PATHS = NO;
				CLANG_ANALYZER_NONNULL = YES;
				CLANG_ANALYZER_NUMBER_OBJECT_CONVERSION = YES_AGGRESSIVE;
				CLANG_CXX_LANGUAGE_STANDARD = "gnu++14";
				CLANG_CXX_LIBRARY = "libc++";
				CLANG_ENABLE_MODULES = YES;
				CLANG_ENABLE_OBJC_ARC = YES;
				CLANG_ENABLE_OBJC_WEAK = YES;
				CLANG_WARN_BLOCK_CAPTURE_AUTORELEASING = YES;
				CLANG_WARN_BOOL_CONVERSION = YES;
				CLANG_WARN_COMMA = YES;
				CLANG_WARN_CONSTANT_CONVERSION = YES;
				CLANG_WARN_DEPRECATED_OBJC_IMPLEMENTATIONS = YES;
				CLANG_WARN_DIRECT_OBJC_ISA_USAGE = YES_ERROR;
				CLANG_WARN_DOCUMENTATION_COMMENTS = YES;
				CLANG_WARN_EMPTY_BODY = YES;
				CLANG_WARN_ENUM_CONVERSION = YES;
				CLANG_WARN_INFINITE_RECURSION = YES;
				CLANG_WARN_INT_CONVERSION = YES;
				CLANG_WARN_NON_LITERAL_NULL_CONVERSION = YES;
				CLANG_WARN_OBJC_IMPLICIT_RETAIN_SELF = YES;
				CLANG_WARN_OBJC_LITERAL_CONVERSION = YES;
				CLANG_WARN_OBJC_ROOT_CLASS = YES_ERROR;
				CLANG_WARN_RANGE_LOOP_ANALYSIS = YES;
				CLANG_WARN_STRICT_PROTOTYPES = YES;
				CLANG_WARN_SUSPICIOUS_MOVE = YES;
				CLANG_WARN_UNGUARDED_AVAILABILITY = YES_AGGRESSIVE;
				CLANG_WARN_UNREACHABLE_CODE = YES;
				CLANG_WARN__DUPLICATE_METHOD_MATCH = YES;
				CODE_SIGN_IDENTITY = "iPhone Developer";
				COPY_PHASE_STRIP = NO;
				DEBUG_INFORMATION_FORMAT = "dwarf-with-dsym";
				ENABLE_NS_ASSERTIONS = NO;
				ENABLE_STRICT_OBJC_MSGSEND = YES;
				GCC_C_LANGUAGE_STANDARD = gnu11;
				GCC_NO_COMMON_BLOCKS = YES;
				GCC_WARN_64_TO_32_BIT_CONVERSION = YES;
				GCC_WARN_ABOUT_RETURN_TYPE = YES_ERROR;
				GCC_WARN_UNDECLARED_SELECTOR = YES;
				GCC_WARN_UNINITIALIZED_AUTOS = YES_AGGRESSIVE;
				GCC_WARN_UNUSED_FUNCTION = YES;
				GCC_WARN_UNUSED_VARIABLE = YES;
				IPHONEOS_DEPLOYMENT_TARGET = 12.0;
				MTL_ENABLE_DEBUG_INFO = NO;
				MTL_FAST_MATH = YES;
				SDKROOT = iphoneos;
				SWIFT_COMPILATION_MODE = wholemodule;
				SWIFT_OPTIMIZATION_LEVEL = "-O";
				VALIDATE_PRODUCT = YES;
			};
			name = Release;
		};
		96F1DF44215C6AF600A67650 /* Debug */ = {
			isa = XCBuildConfiguration;
			buildSettings = {
				ASSETCATALOG_COMPILER_APPICON_NAME = AppIcon;
				CODE_SIGN_STYLE = Automatic;
				INFOPLIST_FILE = ciecadd/Info.plist;
				LD_RUNPATH_SEARCH_PATHS = (
					"$(inherited)",
					"@executable_path/Frameworks",
				);
				PRODUCT_BUNDLE_IDENTIFIER = zzw.ciecadd;
				PRODUCT_NAME = "$(TARGET_NAME)";
				SWIFT_VERSION = 4.2;
				TARGETED_DEVICE_FAMILY = "1,2";
			};
			name = Debug;
		};
		96F1DF45215C6AF600A67650 /* Release */ = {
			isa = XCBuildConfiguration;
			buildSettings = {
				ASSETCATALOG_COMPILER_APPICON_NAME = AppIcon;
				CODE_SIGN_STYLE = Automatic;
				INFOPLIST_FILE = ciecadd/Info.plist;
				LD_RUNPATH_SEARCH_PATHS = (
					"$(inherited)",
					"@executable_path/Frameworks",
				);
				PRODUCT_BUNDLE_IDENTIFIER = zzw.ciecadd;
				PRODUCT_NAME = "$(TARGET_NAME)";
				SWIFT_VERSION = 4.2;
				TARGETED_DEVICE_FAMILY = "1,2";
			};
			name = Release;
		};
		96F1DF47215C6AF600A67650 /* Debug */ = {
			isa = XCBuildConfiguration;
			buildSettings = {
				ALWAYS_EMBED_SWIFT_STANDARD_LIBRARIES = YES;
				BUNDLE_LOADER = "$(TEST_HOST)";
				CODE_SIGN_STYLE = Automatic;
				INFOPLIST_FILE = ciecaddTests/Info.plist;
				LD_RUNPATH_SEARCH_PATHS = (
					"$(inherited)",
					"@executable_path/Frameworks",
					"@loader_path/Frameworks",
				);
				PRODUCT_BUNDLE_IDENTIFIER = zzw.ciecaddTests;
				PRODUCT_NAME = "$(TARGET_NAME)";
				SWIFT_VERSION = 4.2;
				TARGETED_DEVICE_FAMILY = "1,2";
				TEST_HOST = "$(BUILT_PRODUCTS_DIR)/ciecadd.app/ciecadd";
			};
			name = Debug;
		};
		96F1DF48215C6AF600A67650 /* Release */ = {
			isa = XCBuildConfiguration;
			buildSettings = {
				ALWAYS_EMBED_SWIFT_STANDARD_LIBRARIES = YES;
				BUNDLE_LOADER = "$(TEST_HOST)";
				CODE_SIGN_STYLE = Automatic;
				INFOPLIST_FILE = ciecaddTests/Info.plist;
				LD_RUNPATH_SEARCH_PATHS = (
					"$(inherited)",
					"@executable_path/Frameworks",
					"@loader_path/Frameworks",
				);
				PRODUCT_BUNDLE_IDENTIFIER = zzw.ciecaddTests;
				PRODUCT_NAME = "$(TARGET_NAME)";
				SWIFT_VERSION = 4.2;
				TARGETED_DEVICE_FAMILY = "1,2";
				TEST_HOST = "$(BUILT_PRODUCTS_DIR)/ciecadd.app/ciecadd";
			};
			name = Release;
		};
		96F1DF4A215C6AF600A67650 /* Debug */ = {
			isa = XCBuildConfiguration;
			buildSettings = {
				ALWAYS_EMBED_SWIFT_STANDARD_LIBRARIES = YES;
				CODE_SIGN_STYLE = Automatic;
				INFOPLIST_FILE = ciecaddUITests/Info.plist;
				LD_RUNPATH_SEARCH_PATHS = (
					"$(inherited)",
					"@executable_path/Frameworks",
					"@loader_path/Frameworks",
				);
				PRODUCT_BUNDLE_IDENTIFIER = zzw.ciecaddUITests;
				PRODUCT_NAME = "$(TARGET_NAME)";
				SWIFT_VERSION = 4.2;
				TARGETED_DEVICE_FAMILY = "1,2";
				TEST_TARGET_NAME = ciecadd;
			};
			name = Debug;
		};
		96F1DF4B215C6AF600A67650 /* Release */ = {
			isa = XCBuildConfiguration;
			buildSettings = {
				ALWAYS_EMBED_SWIFT_STANDARD_LIBRARIES = YES;
				CODE_SIGN_STYLE = Automatic;
				INFOPLIST_FILE = ciecaddUITests/Info.plist;
				LD_RUNPATH_SEARCH_PATHS = (
					"$(inherited)",
					"@executable_path/Frameworks",
					"@loader_path/Frameworks",
				);
				PRODUCT_BUNDLE_IDENTIFIER = zzw.ciecaddUITests;
				PRODUCT_NAME = "$(TARGET_NAME)";
				SWIFT_VERSION = 4.2;
				TARGETED_DEVICE_FAMILY = "1,2";
				TEST_TARGET_NAME = ciecadd;
			};
			name = Release;
		};
/* End XCBuildConfiguration section */

/* Begin XCConfigurationList section */
		96F1DF16215C6AF200A67650 /* Build configuration list for PBXProject "ciecadd" */ = {
			isa = XCConfigurationList;
			buildConfigurations = (
				96F1DF41215C6AF600A67650 /* Debug */,
				96F1DF42215C6AF600A67650 /* Release */,
			);
			defaultConfigurationIsVisible = 0;
			defaultConfigurationName = Release;
		};
		96F1DF43215C6AF600A67650 /* Build configuration list for PBXNativeTarget "ciecadd" */ = {
			isa = XCConfigurationList;
			buildConfigurations = (
				96F1DF44215C6AF600A67650 /* Debug */,
				96F1DF45215C6AF600A67650 /* Release */,
			);
			defaultConfigurationIsVisible = 0;
			defaultConfigurationName = Release;
		};
		96F1DF46215C6AF600A67650 /* Build configuration list for PBXNativeTarget "ciecaddTests" */ = {
			isa = XCConfigurationList;
			buildConfigurations = (
				96F1DF47215C6AF600A67650 /* Debug */,
				96F1DF48215C6AF600A67650 /* Release */,
			);
			defaultConfigurationIsVisible = 0;
			defaultConfigurationName = Release;
		};
		96F1DF49215C6AF600A67650 /* Build configuration list for PBXNativeTarget "ciecaddUITests" */ = {
			isa = XCConfigurationList;
			buildConfigurations = (
				96F1DF4A215C6AF600A67650 /* Debug */,
				96F1DF4B215C6AF600A67650 /* Release */,
			);
			defaultConfigurationIsVisible = 0;
			defaultConfigurationName = Release;
		};
/* End XCConfigurationList section */
	};
	rootObject = 96F1DF13215C6AF200A67650 /* Project object */;
}
